// !$*UTF8*$!
{
	archiveVersion = 1;
	classes = {
	};
	objectVersion = 46;
	objects = {

/* Begin PBXBuildFile section */
		328C63AD1DD6C50C0040C512 /* AppDelegate.swift in Sources */ = {isa = PBXBuildFile; fileRef = 328C63AC1DD6C50C0040C512 /* AppDelegate.swift */; };
		328C63AF1DD6C50C0040C512 /* ViewController.swift in Sources */ = {isa = PBXBuildFile; fileRef = 328C63AE1DD6C50C0040C512 /* ViewController.swift */; };
		328C63B21DD6C50C0040C512 /* Main.storyboard in Resources */ = {isa = PBXBuildFile; fileRef = 328C63B01DD6C50C0040C512 /* Main.storyboard */; };
		328C63B41DD6C50C0040C512 /* Assets.xcassets in Resources */ = {isa = PBXBuildFile; fileRef = 328C63B31DD6C50C0040C512 /* Assets.xcassets */; };
		328C63B71DD6C50C0040C512 /* LaunchScreen.storyboard in Resources */ = {isa = PBXBuildFile; fileRef = 328C63B51DD6C50C0040C512 /* LaunchScreen.storyboard */; };
		32DC9DEA1DD84E7200B01E56 /* wholeViewController.swift in Sources */ = {isa = PBXBuildFile; fileRef = 32DC9DE91DD84E7200B01E56 /* wholeViewController.swift */; };
		892E58DD677F77C9B85AC386 /* Pods_WeatherApp.framework in Frameworks */ = {isa = PBXBuildFile; fileRef = 8A01D584C5F4838068D6D6A1 /* Pods_WeatherApp.framework */; };
/* End PBXBuildFile section */

/* Begin PBXFileReference section */
		328C63A91DD6C50C0040C512 /* WeatherApp.app */ = {isa = PBXFileReference; explicitFileType = wrapper.application; includeInIndex = 0; path = WeatherApp.app; sourceTree = BUILT_PRODUCTS_DIR; };
		328C63AC1DD6C50C0040C512 /* AppDelegate.swift */ = {isa = PBXFileReference; lastKnownFileType = sourcecode.swift; path = AppDelegate.swift; sourceTree = "<group>"; };
		328C63AE1DD6C50C0040C512 /* ViewController.swift */ = {isa = PBXFileReference; lastKnownFileType = sourcecode.swift; path = ViewController.swift; sourceTree = "<group>"; };
		328C63B11DD6C50C0040C512 /* Base */ = {isa = PBXFileReference; lastKnownFileType = file.storyboard; name = Base; path = Base.lproj/Main.storyboard; sourceTree = "<group>"; };
		328C63B31DD6C50C0040C512 /* Assets.xcassets */ = {isa = PBXFileReference; lastKnownFileType = folder.assetcatalog; path = Assets.xcassets; sourceTree = "<group>"; };
		328C63B61DD6C50C0040C512 /* Base */ = {isa = PBXFileReference; lastKnownFileType = file.storyboard; name = Base; path = Base.lproj/LaunchScreen.storyboard; sourceTree = "<group>"; };
		328C63B81DD6C50C0040C512 /* Info.plist */ = {isa = PBXFileReference; lastKnownFileType = text.plist.xml; path = Info.plist; sourceTree = "<group>"; };
		32DC9DE91DD84E7200B01E56 /* wholeViewController.swift */ = {isa = PBXFileReference; fileEncoding = 4; lastKnownFileType = sourcecode.swift; path = wholeViewController.swift; sourceTree = "<group>"; };
		496A5C30C66840733E8BC2F1 /* Pods-WeatherApp.release.xcconfig */ = {isa = PBXFileReference; includeInIndex = 1; lastKnownFileType = text.xcconfig; name = "Pods-WeatherApp.release.xcconfig"; path = "Pods/Target Support Files/Pods-WeatherApp/Pods-WeatherApp.release.xcconfig"; sourceTree = "<group>"; };
		8A01D584C5F4838068D6D6A1 /* Pods_WeatherApp.framework */ = {isa = PBXFileReference; explicitFileType = wrapper.framework; includeInIndex = 0; path = Pods_WeatherApp.framework; sourceTree = BUILT_PRODUCTS_DIR; };
		CCDEEFE6A0B3E84E528E76BD /* Pods-WeatherApp.debug.xcconfig */ = {isa = PBXFileReference; includeInIndex = 1; lastKnownFileType = text.xcconfig; name = "Pods-WeatherApp.debug.xcconfig"; path = "Pods/Target Support Files/Pods-WeatherApp/Pods-WeatherApp.debug.xcconfig"; sourceTree = "<group>"; };
/* End PBXFileReference section */

/* Begin PBXFrameworksBuildPhase section */
		328C63A61DD6C50C0040C512 /* Frameworks */ = {
			isa = PBXFrameworksBuildPhase;
			buildActionMask = 2147483647;
			files = (
				892E58DD677F77C9B85AC386 /* Pods_WeatherApp.framework in Frameworks */,
			);
			runOnlyForDeploymentPostprocessing = 0;
		};
/* End PBXFrameworksBuildPhase section */

/* Begin PBXGroup section */
		328C63A01DD6C50C0040C512 = {
			isa = PBXGroup;
			children = (
				328C63AB1DD6C50C0040C512 /* WeatherApp */,
				328C63AA1DD6C50C0040C512 /* Products */,
				9B3DE4E7B338C7257B56FC01 /* Pods */,
				531D95150ADDB9994F5149D9 /* Frameworks */,
			);
			sourceTree = "<group>";
		};
		328C63AA1DD6C50C0040C512 /* Products */ = {
			isa = PBXGroup;
			children = (
				328C63A91DD6C50C0040C512 /* WeatherApp.app */,
			);
			name = Products;
			sourceTree = "<group>";
		};
		328C63AB1DD6C50C0040C512 /* WeatherApp */ = {
			isa = PBXGroup;
			children = (
				328C63B01DD6C50C0040C512 /* Main.storyboard */,
				328C63AC1DD6C50C0040C512 /* AppDelegate.swift */,
				328C63AE1DD6C50C0040C512 /* ViewController.swift */,
				328C63B31DD6C50C0040C512 /* Assets.xcassets */,
				328C63B51DD6C50C0040C512 /* LaunchScreen.storyboard */,
				328C63B81DD6C50C0040C512 /* Info.plist */,
				32DC9DE91DD84E7200B01E56 /* wholeViewController.swift */,
			);
			path = WeatherApp;
			sourceTree = "<group>";
		};
		531D95150ADDB9994F5149D9 /* Frameworks */ = {
			isa = PBXGroup;
			children = (
				8A01D584C5F4838068D6D6A1 /* Pods_WeatherApp.framework */,
			);
			name = Frameworks;
			sourceTree = "<group>";
		};
		9B3DE4E7B338C7257B56FC01 /* Pods */ = {
			isa = PBXGroup;
			children = (
				CCDEEFE6A0B3E84E528E76BD /* Pods-WeatherApp.debug.xcconfig */,
				496A5C30C66840733E8BC2F1 /* Pods-WeatherApp.release.xcconfig */,
			);
			name = Pods;
			sourceTree = "<group>";
		};
/* End PBXGroup section */

/* Begin PBXNativeTarget section */
		328C63A81DD6C50C0040C512 /* WeatherApp */ = {
			isa = PBXNativeTarget;
			buildConfigurationList = 328C63BB1DD6C50C0040C512 /* Build configuration list for PBXNativeTarget "WeatherApp" */;
			buildPhases = (
				87B70E31B7D4930EA9116A02 /* [CP] Check Pods Manifest.lock */,
				328C63A51DD6C50C0040C512 /* Sources */,
				328C63A61DD6C50C0040C512 /* Frameworks */,
				328C63A71DD6C50C0040C512 /* Resources */,
				D61C6805A5CDAA4CE9C0AD8E /* [CP] Embed Pods Frameworks */,
				7413383FDB36CCDA948A08BB /* [CP] Copy Pods Resources */,
			);
			buildRules = (
			);
			dependencies = (
			);
			name = WeatherApp;
			productName = WeatherApp;
			productReference = 328C63A91DD6C50C0040C512 /* WeatherApp.app */;
			productType = "com.apple.product-type.application";
		};
/* End PBXNativeTarget section */

/* Begin PBXProject section */
		328C63A11DD6C50C0040C512 /* Project object */ = {
			isa = PBXProject;
			attributes = {
				LastSwiftUpdateCheck = 0810;
				LastUpgradeCheck = 0810;
				ORGANIZATIONNAME = NOWALL;
				TargetAttributes = {
					328C63A81DD6C50C0040C512 = {
						CreatedOnToolsVersion = 8.1;
						DevelopmentTeam = BBE3B2JF2K;
						ProvisioningStyle = Automatic;
					};
				};
			};
			buildConfigurationList = 328C63A41DD6C50C0040C512 /* Build configuration list for PBXProject "WeatherApp" */;
			compatibilityVersion = "Xcode 3.2";
			developmentRegion = English;
			hasScannedForEncodings = 0;
			knownRegions = (
				en,
				Base,
			);
			mainGroup = 328C63A01DD6C50C0040C512;
			productRefGroup = 328C63AA1DD6C50C0040C512 /* Products */;
			projectDirPath = "";
			projectRoot = "";
			targets = (
				328C63A81DD6C50C0040C512 /* WeatherApp */,
			);
		};
/* End PBXProject section */

/* Begin PBXResourcesBuildPhase section */
		328C63A71DD6C50C0040C512 /* Resources */ = {
			isa = PBXResourcesBuildPhase;
			buildActionMask = 2147483647;
			files = (
				328C63B71DD6C50C0040C512 /* LaunchScreen.storyboard in Resources */,
				328C63B41DD6C50C0040C512 /* Assets.xcassets in Resources */,
				328C63B21DD6C50C0040C512 /* Main.storyboard in Resources */,
			);
			runOnlyForDeploymentPostprocessing = 0;
		};
/* End PBXResourcesBuildPhase section */

/* Begin PBXShellScriptBuildPhase section */
		7413383FDB36CCDA948A08BB /* [CP] Copy Pods Resources */ = {
			isa = PBXShellScriptBuildPhase;
			buildActionMask = 2147483647;
			files = (
			);
			inputPaths = (
			);
			name = "[CP] Copy Pods Resources";
			outputPaths = (
			);
			runOnlyForDeploymentPostprocessing = 0;
			shellPath = /bin/sh;
			shellScript = "\"${SRCROOT}/Pods/Target Support Files/Pods-WeatherApp/Pods-WeatherApp-resources.sh\"\n";
			showEnvVarsInLog = 0;
		};
		87B70E31B7D4930EA9116A02 /* [CP] Check Pods Manifest.lock */ = {
			isa = PBXShellScriptBuildPhase;
			buildActionMask = 2147483647;
			files = (
			);
			inputPaths = (
			);
			name = "[CP] Check Pods Manifest.lock";
			outputPaths = (
			);
			runOnlyForDeploymentPostprocessing = 0;
			shellPath = /bin/sh;
			shellScript = "diff \"${PODS_ROOT}/../Podfile.lock\" \"${PODS_ROOT}/Manifest.lock\" > /dev/null\nif [ $? != 0 ] ; then\n    # print error to STDERR\n    echo \"error: The sandbox is not in sync with the Podfile.lock. Run 'pod install' or update your CocoaPods installation.\" >&2\n    exit 1\nfi\n";
			showEnvVarsInLog = 0;
		};
		D61C6805A5CDAA4CE9C0AD8E /* [CP] Embed Pods Frameworks */ = {
			isa = PBXShellScriptBuildPhase;
			buildActionMask = 2147483647;
			files = (
			);
			inputPaths = (
			);
			name = "[CP] Embed Pods Frameworks";
			outputPaths = (
			);
			runOnlyForDeploymentPostprocessing = 0;
			shellPath = /bin/sh;
			shellScript = "\"${SRCROOT}/Pods/Target Support Files/Pods-WeatherApp/Pods-WeatherApp-frameworks.sh\"\n";
			showEnvVarsInLog = 0;
		};
/* End PBXShellScriptBuildPhase section */

/* Begin PBXSourcesBuildPhase section */
		328C63A51DD6C50C0040C512 /* Sources */ = {
			isa = PBXSourcesBuildPhase;
			buildActionMask = 2147483647;
			files = (
				328C63AF1DD6C50C0040C512 /* ViewController.swift in Sources */,
				32DC9DEA1DD84E7200B01E56 /* wholeViewController.swift in Sources */,
				328C63AD1DD6C50C0040C512 /* AppDelegate.swift in Sources */,
			);
			runOnlyForDeploymentPostprocessing = 0;
		};
/* End PBXSourcesBuildPhase section */

/* Begin PBXVariantGroup section */
		328C63B01DD6C50C0040C512 /* Main.storyboard */ = {
			isa = PBXVariantGroup;
			children = (
				328C63B11DD6C50C0040C512 /* Base */,
			);
			name = Main.storyboard;
			sourceTree = "<group>";
		};
		328C63B51DD6C50C0040C512 /* LaunchScreen.storyboard */ = {
			isa = PBXVariantGroup;
			children = (
				328C63B61DD6C50C0040C512 /* Base */,
			);
			name = LaunchScreen.storyboard;
			sourceTree = "<group>";
		};
/* End PBXVariantGroup section */

/* Begin XCBuildConfiguration section */
		328C63B91DD6C50C0040C512 /* Debug */ = {
			isa = XCBuildConfiguration;
			buildSettings = {
				ALWAYS_SEARCH_USER_PATHS = NO;
				CLANG_ANALYZER_NONNULL = YES;
				CLANG_CXX_LANGUAGE_STANDARD = "gnu++0x";
				CLANG_CXX_LIBRARY = "libc++";
				CLANG_ENABLE_MODULES = YES;
				CLANG_ENABLE_OBJC_ARC = YES;
				CLANG_WARN_BOOL_CONVERSION = YES;
				CLANG_WARN_CONSTANT_CONVERSION = YES;
				CLANG_WARN_DIRECT_OBJC_ISA_USAGE = YES_ERROR;
				CLANG_WARN_DOCUMENTATION_COMMENTS = YES;
				CLANG_WARN_EMPTY_BODY = YES;
				CLANG_WARN_ENUM_CONVERSION = YES;
				CLANG_WARN_INFINITE_RECURSION = YES;
				CLANG_WARN_INT_CONVERSION = YES;
				CLANG_WARN_OBJC_ROOT_CLASS = YES_ERROR;
				CLANG_WARN_SUSPICIOUS_MOVES = YES;
				CLANG_WARN_UNREACHABLE_CODE = YES;
				CLANG_WARN__DUPLICATE_METHOD_MATCH = YES;
				"CODE_SIGN_IDENTITY[sdk=iphoneos*]" = "iPhone Developer";
				COPY_PHASE_STRIP = NO;
				DEBUG_INFORMATION_FORMAT = dwarf;
				ENABLE_STRICT_OBJC_MSGSEND = YES;
				ENABLE_TESTABILITY = YES;
				GCC_C_LANGUAGE_STANDARD = gnu99;
				GCC_DYNAMIC_NO_PIC = NO;
				GCC_NO_COMMON_BLOCKS = YES;
				GCC_OPTIMIZATION_LEVEL = 0;
				GCC_PREPROCESSOR_DEFINITIONS = (
					"DEBUG=1",
					"$(inherited)",
				);
				GCC_WARN_64_TO_32_BIT_CONVERSION = YES;
				GCC_WARN_ABOUT_RETURN_TYPE = YES_ERROR;
				GCC_WARN_UNDECLARED_SELECTOR = YES;
				GCC_WARN_UNINITIALIZED_AUTOS = YES_AGGRESSIVE;
				GCC_WARN_UNUSED_FUNCTION = YES;
				GCC_WARN_UNUSED_VARIABLE = YES;
				IPHONEOS_DEPLOYMENT_TARGET = 10.1;
				MTL_ENABLE_DEBUG_INFO = YES;
				ONLY_ACTIVE_ARCH = YES;
				SDKROOT = iphoneos;
				SWIFT_ACTIVE_COMPILATION_CONDITIONS = DEBUG;
				SWIFT_OPTIMIZATION_LEVEL = "-Onone";
			};
			name = Debug;
		};
		328C63BA1DD6C50C0040C512 /* Release */ = {
			isa = XCBuildConfiguration;
			buildSettings = {
				ALWAYS_SEARCH_USER_PATHS = NO;
				CLANG_ANALYZER_NONNULL = YES;
				CLANG_CXX_LANGUAGE_STANDARD = "gnu++0x";
				CLANG_CXX_LIBRARY = "libc++";
				CLANG_ENABLE_MODULES = YES;
				CLANG_ENABLE_OBJC_ARC = YES;
				CLANG_WARN_BOOL_CONVERSION = YES;
				CLANG_WARN_CONSTANT_CONVERSION = YES;
				CLANG_WARN_DIRECT_OBJC_ISA_USAGE = YES_ERROR;
				CLANG_WARN_DOCUMENTATION_COMMENTS = YES;
				CLANG_WARN_EMPTY_BODY = YES;
				CLANG_WARN_ENUM_CONVERSION = YES;
				CLANG_WARN_INFINITE_RECURSION = YES;
				CLANG_WARN_INT_CONVERSION = YES;
				CLANG_WARN_OBJC_ROOT_CLASS = YES_ERROR;
				CLANG_WARN_SUSPICIOUS_MOVES = YES;
				CLANG_WARN_UNREACHABLE_CODE = YES;
				CLANG_WARN__DUPLICATE_METHOD_MATCH = YES;
				"CODE_SIGN_IDENTITY[sdk=iphoneos*]" = "iPhone Developer";
				COPY_PHASE_STRIP = NO;
				DEBUG_INFORMATION_FORMAT = "dwarf-with-dsym";
				ENABLE_NS_ASSERTIONS = NO;
				ENABLE_STRICT_OBJC_MSGSEND = YES;
				GCC_C_LANGUAGE_STANDARD = gnu99;
				GCC_NO_COMMON_BLOCKS = YES;
				GCC_WARN_64_TO_32_BIT_CONVERSION = YES;
				GCC_WARN_ABOUT_RETURN_TYPE = YES_ERROR;
				GCC_WARN_UNDECLARED_SELECTOR = YES;
				GCC_WARN_UNINITIALIZED_AUTOS = YES_AGGRESSIVE;
				GCC_WARN_UNUSED_FUNCTION = YES;
				GCC_WARN_UNUSED_VARIABLE = YES;
				IPHONEOS_DEPLOYMENT_TARGET = 10.1;
				MTL_ENABLE_DEBUG_INFO = NO;
				SDKROOT = iphoneos;
				SWIFT_OPTIMIZATION_LEVEL = "-Owholemodule";
				VALIDATE_PRODUCT = YES;
			};
			name = Release;
		};
		328C63BC1DD6C50C0040C512 /* Debug */ = {
			isa = XCBuildConfiguration;
			baseConfigurationReference = CCDEEFE6A0B3E84E528E76BD /* Pods-WeatherApp.debug.xcconfig */;
			buildSettings = {
				ASSETCATALOG_COMPILER_APPICON_NAME = AppIcon;
				DEVELOPMENT_TEAM = BBE3B2JF2K;
				INFOPLIST_FILE = WeatherApp/Info.plist;
				LD_RUNPATH_SEARCH_PATHS = "$(inherited) @executable_path/Frameworks";
				PRODUCT_BUNDLE_IDENTIFIER = com.nowall.WeatherApp;
				PRODUCT_NAME = "$(TARGET_NAME)";
				SWIFT_VERSION = 3.0;
			};
			name = Debug;
		};
		328C63BD1DD6C50C0040C512 /* Release */ = {
			isa = XCBuildConfiguration;
			baseConfigurationReference = 496A5C30C66840733E8BC2F1 /* Pods-WeatherApp.release.xcconfig */;
			buildSettings = {
				ASSETCATALOG_COMPILER_APPICON_NAME = AppIcon;
				DEVELOPMENT_TEAM = BBE3B2JF2K;
				INFOPLIST_FILE = WeatherApp/Info.plist;
				LD_RUNPATH_SEARCH_PATHS = "$(inherited) @executable_path/Frameworks";
				PRODUCT_BUNDLE_IDENTIFIER = com.nowall.WeatherApp;
				PRODUCT_NAME = "$(TARGET_NAME)";
				SWIFT_VERSION = 3.0;
			};
			name = Release;
		};
/* End XCBuildConfiguration section */

/* Begin XCConfigurationList section */
		328C63A41DD6C50C0040C512 /* Build configuration list for PBXProject "WeatherApp" */ = {
			isa = XCConfigurationList;
			buildConfigurations = (
				328C63B91DD6C50C0040C512 /* Debug */,
				328C63BA1DD6C50C0040C512 /* Release */,
			);
			defaultConfigurationIsVisible = 0;
			defaultConfigurationName = Release;
		};
		328C63BB1DD6C50C0040C512 /* Build configuration list for PBXNativeTarget "WeatherApp" */ = {
			isa = XCConfigurationList;
			buildConfigurations = (
				328C63BC1DD6C50C0040C512 /* Debug */,
				328C63BD1DD6C50C0040C512 /* Release */,
			);
			defaultConfigurationIsVisible = 0;
			defaultConfigurationName = Release;
		};
/* End XCConfigurationList section */
	};
	rootObject = 328C63A11DD6C50C0040C512 /* Project object */;
}
